
Microsoft Visual Studio Solution File, Format Version 12.00
# Visual Studio Version 17
VisualStudioVersion = 17.11.35208.52
MinimumVisualStudioVersion = 10.0.40219.1
Project("{9A19103F-16F7-4668-BE54-9A1E7A4F7556}") = "Wobbloader", "Wobbloader.csproj", "{32AACDA3-FDA6-4949-A7C8-69133BD2F00B}"
EndProject
Global
	GlobalSection(SolutionConfigurationPlatforms) = preSolution
		Debug|Any CPU = Debug|Any CPU
		Release|Any CPU = Release|Any CPU
	EndGlobalSection
	GlobalSection(ProjectConfigurationPlatforms) = postSolution
		{32AACDA3-FDA6-4949-A7C8-69133BD2F00B}.Debug|Any CPU.ActiveCfg = Debug|Any CPU
		{32AACDA3-FDA6-4949-A7C8-69133BD2F00B}.Debug|Any CPU.Build.0 = Debug|Any CPU
		{32AACDA3-FDA6-4949-A7C8-69133BD2F00B}.Release|Any CPU.ActiveCfg = Release|Any CPU
		{32AACDA3-FDA6-4949-A7C8-69133BD2F00B}.Release|Any CPU.Build.0 = Release|Any CPU
	EndGlobalSection
	GlobalSection(SolutionProperties) = preSolution
		HideSolutionNode = FALSE
	EndGlobalSection
	GlobalSection(ExtensibilityGlobals) = postSolution
		SolutionGuid = {3656DFF6-30A7-47AD-AD23-054C12DE7294}
	EndGlobalSection
EndGlobal
